// !$*UTF8*$!
{
	archiveVersion = 1;
	classes = {
	};
	objectVersion = 56;
	objects = {

/* Begin PBXBuildFile section */
		A90C93DB2BFD56D600BDEA19 /* retrieveDetails.swift in Sources */ = {isa = PBXBuildFile; fileRef = A90C93DA2BFD56D600BDEA19 /* retrieveDetails.swift */; };
		A9443FC82BDF5CCE000FD9FC /* TermsOfServiceView.swift in Sources */ = {isa = PBXBuildFile; fileRef = A9443FC72BDF5CCE000FD9FC /* TermsOfServiceView.swift */; };
		A98BF1A92BF9CB8B00A415DC /* User.swift in Sources */ = {isa = PBXBuildFile; fileRef = A98BF1A82BF9CB8B00A415DC /* User.swift */; };
		A9AB727B2BFB4CDC00212F0B /* HomeView.swift in Sources */ = {isa = PBXBuildFile; fileRef = A9AB727A2BFB4CDC00212F0B /* HomeView.swift */; };
		A9AB727D2BFB588500212F0B /* SettingsView.swift in Sources */ = {isa = PBXBuildFile; fileRef = A9AB727C2BFB588500212F0B /* SettingsView.swift */; };
		A9AB72812BFB589D00212F0B /* FilesView.swift in Sources */ = {isa = PBXBuildFile; fileRef = A9AB72802BFB589D00212F0B /* FilesView.swift */; };
		A9FA56F72BD7E312001EDB0D /* EcryptApp.swift in Sources */ = {isa = PBXBuildFile; fileRef = A9FA56F62BD7E312001EDB0D /* EcryptApp.swift */; };
		A9FA56FB2BD7E313001EDB0D /* Assets.xcassets in Resources */ = {isa = PBXBuildFile; fileRef = A9FA56FA2BD7E313001EDB0D /* Assets.xcassets */; };
		A9FA56FE2BD7E313001EDB0D /* Preview Assets.xcassets in Resources */ = {isa = PBXBuildFile; fileRef = A9FA56FD2BD7E313001EDB0D /* Preview Assets.xcassets */; };
		A9FA570A2BD7E359001EDB0D /* AppState.swift in Sources */ = {isa = PBXBuildFile; fileRef = A9FA57052BD7E359001EDB0D /* AppState.swift */; };
		A9FA570B2BD7E359001EDB0D /* InputView.swift in Sources */ = {isa = PBXBuildFile; fileRef = A9FA57062BD7E359001EDB0D /* InputView.swift */; };
		A9FA570C2BD7E359001EDB0D /* PasswordAuthenticate.swift in Sources */ = {isa = PBXBuildFile; fileRef = A9FA57072BD7E359001EDB0D /* PasswordAuthenticate.swift */; };
		A9FA570D2BD7E359001EDB0D /* TouchIDAuthenticate.swift in Sources */ = {isa = PBXBuildFile; fileRef = A9FA57082BD7E359001EDB0D /* TouchIDAuthenticate.swift */; };
		A9FA57132BD7E364001EDB0D /* ContentView.swift in Sources */ = {isa = PBXBuildFile; fileRef = A9FA570E2BD7E364001EDB0D /* ContentView.swift */; };
		A9FA57142BD7E364001EDB0D /* LogInView.swift in Sources */ = {isa = PBXBuildFile; fileRef = A9FA570F2BD7E364001EDB0D /* LogInView.swift */; };
		A9FA57152BD7E364001EDB0D /* MainView.swift in Sources */ = {isa = PBXBuildFile; fileRef = A9FA57102BD7E364001EDB0D /* MainView.swift */; };
		A9FA57162BD7E364001EDB0D /* SignUpView.swift in Sources */ = {isa = PBXBuildFile; fileRef = A9FA57112BD7E364001EDB0D /* SignUpView.swift */; };
		A9FA57182BD7E77C001EDB0D /* ForgotPasswordView.swift in Sources */ = {isa = PBXBuildFile; fileRef = A9FA57172BD7E77C001EDB0D /* ForgotPasswordView.swift */; };
		A9FA571D2BD94DA3001EDB0D /* ProgressBar.swift in Sources */ = {isa = PBXBuildFile; fileRef = A9FA571C2BD94DA3001EDB0D /* ProgressBar.swift */; };
		A9FA57212BDA5D31001EDB0D /* PasswordPermutations.swift in Sources */ = {isa = PBXBuildFile; fileRef = A9FA57202BDA5D30001EDB0D /* PasswordPermutations.swift */; };
/* End PBXBuildFile section */

/* Begin PBXFileReference section */
		A90C93DA2BFD56D600BDEA19 /* retrieveDetails.swift */ = {isa = PBXFileReference; lastKnownFileType = sourcecode.swift; path = retrieveDetails.swift; sourceTree = "<group>"; };
		A9443FC72BDF5CCE000FD9FC /* TermsOfServiceView.swift */ = {isa = PBXFileReference; lastKnownFileType = sourcecode.swift; path = TermsOfServiceView.swift; sourceTree = "<group>"; };
		A98BF1A82BF9CB8B00A415DC /* User.swift */ = {isa = PBXFileReference; lastKnownFileType = sourcecode.swift; path = User.swift; sourceTree = "<group>"; };
		A9AB727A2BFB4CDC00212F0B /* HomeView.swift */ = {isa = PBXFileReference; lastKnownFileType = sourcecode.swift; path = HomeView.swift; sourceTree = "<group>"; };
		A9AB727C2BFB588500212F0B /* SettingsView.swift */ = {isa = PBXFileReference; lastKnownFileType = sourcecode.swift; path = SettingsView.swift; sourceTree = "<group>"; };
		A9AB72802BFB589D00212F0B /* FilesView.swift */ = {isa = PBXFileReference; lastKnownFileType = sourcecode.swift; path = FilesView.swift; sourceTree = "<group>"; };
		A9FA56F32BD7E312001EDB0D /* Ecrypt.app */ = {isa = PBXFileReference; explicitFileType = wrapper.application; includeInIndex = 0; path = Ecrypt.app; sourceTree = BUILT_PRODUCTS_DIR; };
		A9FA56F62BD7E312001EDB0D /* EcryptApp.swift */ = {isa = PBXFileReference; lastKnownFileType = sourcecode.swift; path = EcryptApp.swift; sourceTree = "<group>"; };
		A9FA56FA2BD7E313001EDB0D /* Assets.xcassets */ = {isa = PBXFileReference; lastKnownFileType = folder.assetcatalog; path = Assets.xcassets; sourceTree = "<group>"; };
		A9FA56FD2BD7E313001EDB0D /* Preview Assets.xcassets */ = {isa = PBXFileReference; lastKnownFileType = folder.assetcatalog; path = "Preview Assets.xcassets"; sourceTree = "<group>"; };
		A9FA56FF2BD7E313001EDB0D /* Ecrypt.entitlements */ = {isa = PBXFileReference; lastKnownFileType = text.plist.entitlements; path = Ecrypt.entitlements; sourceTree = "<group>"; };
		A9FA57052BD7E359001EDB0D /* AppState.swift */ = {isa = PBXFileReference; fileEncoding = 4; lastKnownFileType = sourcecode.swift; path = AppState.swift; sourceTree = "<group>"; };
		A9FA57062BD7E359001EDB0D /* InputView.swift */ = {isa = PBXFileReference; fileEncoding = 4; lastKnownFileType = sourcecode.swift; path = InputView.swift; sourceTree = "<group>"; };
		A9FA57072BD7E359001EDB0D /* PasswordAuthenticate.swift */ = {isa = PBXFileReference; fileEncoding = 4; lastKnownFileType = sourcecode.swift; path = PasswordAuthenticate.swift; sourceTree = "<group>"; };
		A9FA57082BD7E359001EDB0D /* TouchIDAuthenticate.swift */ = {isa = PBXFileReference; fileEncoding = 4; lastKnownFileType = sourcecode.swift; path = TouchIDAuthenticate.swift; sourceTree = "<group>"; };
		A9FA570E2BD7E364001EDB0D /* ContentView.swift */ = {isa = PBXFileReference; fileEncoding = 4; lastKnownFileType = sourcecode.swift; name = ContentView.swift; path = Views/ContentView.swift; sourceTree = "<group>"; };
		A9FA570F2BD7E364001EDB0D /* LogInView.swift */ = {isa = PBXFileReference; fileEncoding = 4; lastKnownFileType = sourcecode.swift; path = LogInView.swift; sourceTree = "<group>"; };
		A9FA57102BD7E364001EDB0D /* MainView.swift */ = {isa = PBXFileReference; fileEncoding = 4; lastKnownFileType = sourcecode.swift; path = MainView.swift; sourceTree = "<group>"; };
		A9FA57112BD7E364001EDB0D /* SignUpView.swift */ = {isa = PBXFileReference; fileEncoding = 4; lastKnownFileType = sourcecode.swift; path = SignUpView.swift; sourceTree = "<group>"; };
		A9FA57172BD7E77C001EDB0D /* ForgotPasswordView.swift */ = {isa = PBXFileReference; lastKnownFileType = sourcecode.swift; path = ForgotPasswordView.swift; sourceTree = "<group>"; };
		A9FA571C2BD94DA3001EDB0D /* ProgressBar.swift */ = {isa = PBXFileReference; lastKnownFileType = sourcecode.swift; path = ProgressBar.swift; sourceTree = "<group>"; };
		A9FA57202BDA5D30001EDB0D /* PasswordPermutations.swift */ = {isa = PBXFileReference; lastKnownFileType = sourcecode.swift; path = PasswordPermutations.swift; sourceTree = "<group>"; };
/* End PBXFileReference section */

/* Begin PBXFrameworksBuildPhase section */
		A9FA56F02BD7E312001EDB0D /* Frameworks */ = {
			isa = PBXFrameworksBuildPhase;
			buildActionMask = 2147483647;
			files = (
			);
			runOnlyForDeploymentPostprocessing = 0;
		};
/* End PBXFrameworksBuildPhase section */

/* Begin PBXGroup section */
		A9AB72832BFB59EB00212F0B /* SignedIn */ = {
			isa = PBXGroup;
			children = (
				A9FA57102BD7E364001EDB0D /* MainView.swift */,
				A9AB727A2BFB4CDC00212F0B /* HomeView.swift */,
				A9AB72802BFB589D00212F0B /* FilesView.swift */,
				A9AB727C2BFB588500212F0B /* SettingsView.swift */,
			);
			path = SignedIn;
			sourceTree = "<group>";
		};
		A9FA56EA2BD7E312001EDB0D = {
			isa = PBXGroup;
			children = (
				A9FA56F52BD7E312001EDB0D /* Ecrypt */,
				A9FA56F42BD7E312001EDB0D /* Products */,
			);
			sourceTree = "<group>";
		};
		A9FA56F42BD7E312001EDB0D /* Products */ = {
			isa = PBXGroup;
			children = (
				A9FA56F32BD7E312001EDB0D /* Ecrypt.app */,
			);
			name = Products;
			sourceTree = "<group>";
		};
		A9FA56F52BD7E312001EDB0D /* Ecrypt */ = {
			isa = PBXGroup;
			children = (
				A9FA56F62BD7E312001EDB0D /* EcryptApp.swift */,
				A9FA570E2BD7E364001EDB0D /* ContentView.swift */,
				A9FA57122BD7E364001EDB0D /* Views */,
				A9FA57092BD7E359001EDB0D /* Functions */,
				A9FA56FA2BD7E313001EDB0D /* Assets.xcassets */,
				A9FA56FF2BD7E313001EDB0D /* Ecrypt.entitlements */,
				A9FA56FC2BD7E313001EDB0D /* Preview Content */,
			);
			path = Ecrypt;
			sourceTree = "<group>";
		};
		A9FA56FC2BD7E313001EDB0D /* Preview Content */ = {
			isa = PBXGroup;
			children = (
				A9FA56FD2BD7E313001EDB0D /* Preview Assets.xcassets */,
			);
			path = "Preview Content";
			sourceTree = "<group>";
		};
		A9FA57092BD7E359001EDB0D /* Functions */ = {
			isa = PBXGroup;
			children = (
				A9FA57052BD7E359001EDB0D /* AppState.swift */,
				A98BF1A82BF9CB8B00A415DC /* User.swift */,
				A9FA57062BD7E359001EDB0D /* InputView.swift */,
				A9FA57072BD7E359001EDB0D /* PasswordAuthenticate.swift */,
				A9FA57082BD7E359001EDB0D /* TouchIDAuthenticate.swift */,
				A90C93DA2BFD56D600BDEA19 /* retrieveDetails.swift */,
			);
			path = Functions;
			sourceTree = "<group>";
		};
		A9FA57122BD7E364001EDB0D /* Views */ = {
			isa = PBXGroup;
			children = (
				A9AB72832BFB59EB00212F0B /* SignedIn */,
				A9FA571B2BD94C75001EDB0D /* UserSignUp */,
				A9FA570F2BD7E364001EDB0D /* LogInView.swift */,
				A9FA57172BD7E77C001EDB0D /* ForgotPasswordView.swift */,
				A9443FC72BDF5CCE000FD9FC /* TermsOfServiceView.swift */,
			);
			path = Views;
			sourceTree = "<group>";
		};
		A9FA571B2BD94C75001EDB0D /* UserSignUp */ = {
			isa = PBXGroup;
			children = (
				A9FA57112BD7E364001EDB0D /* SignUpView.swift */,
				A9FA571C2BD94DA3001EDB0D /* ProgressBar.swift */,
				A9FA57202BDA5D30001EDB0D /* PasswordPermutations.swift */,
			);
			path = UserSignUp;
			sourceTree = "<group>";
		};
/* End PBXGroup section */

/* Begin PBXNativeTarget section */
		A9FA56F22BD7E312001EDB0D /* Ecrypt */ = {
			isa = PBXNativeTarget;
			buildConfigurationList = A9FA57022BD7E313001EDB0D /* Build configuration list for PBXNativeTarget "Ecrypt" */;
			buildPhases = (
				A9FA56EF2BD7E312001EDB0D /* Sources */,
				A9FA56F02BD7E312001EDB0D /* Frameworks */,
				A9FA56F12BD7E312001EDB0D /* Resources */,
			);
			buildRules = (
			);
			dependencies = (
			);
			name = Ecrypt;
			packageProductDependencies = (
			);
			productName = Ecrypt;
			productReference = A9FA56F32BD7E312001EDB0D /* Ecrypt.app */;
			productType = "com.apple.product-type.application";
		};
/* End PBXNativeTarget section */

/* Begin PBXProject section */
		A9FA56EB2BD7E312001EDB0D /* Project object */ = {
			isa = PBXProject;
			attributes = {
				BuildIndependentTargetsInParallel = 1;
				LastSwiftUpdateCheck = 1530;
				LastUpgradeCheck = 1530;
				TargetAttributes = {
					A9FA56F22BD7E312001EDB0D = {
						CreatedOnToolsVersion = 15.3;
					};
				};
			};
			buildConfigurationList = A9FA56EE2BD7E312001EDB0D /* Build configuration list for PBXProject "Ecrypt" */;
			compatibilityVersion = "Xcode 14.0";
			developmentRegion = en;
			hasScannedForEncodings = 0;
			knownRegions = (
				en,
				Base,
			);
			mainGroup = A9FA56EA2BD7E312001EDB0D;
			packageReferences = (
			);
			productRefGroup = A9FA56F42BD7E312001EDB0D /* Products */;
			projectDirPath = "";
			projectRoot = "";
			targets = (
				A9FA56F22BD7E312001EDB0D /* Ecrypt */,
			);
		};
/* End PBXProject section */

/* Begin PBXResourcesBuildPhase section */
		A9FA56F12BD7E312001EDB0D /* Resources */ = {
			isa = PBXResourcesBuildPhase;
			buildActionMask = 2147483647;
			files = (
				A9FA56FE2BD7E313001EDB0D /* Preview Assets.xcassets in Resources */,
				A9FA56FB2BD7E313001EDB0D /* Assets.xcassets in Resources */,
			);
			runOnlyForDeploymentPostprocessing = 0;
		};
/* End PBXResourcesBuildPhase section */

/* Begin PBXSourcesBuildPhase section */
		A9FA56EF2BD7E312001EDB0D /* Sources */ = {
			isa = PBXSourcesBuildPhase;
			buildActionMask = 2147483647;
			files = (
				A90C93DB2BFD56D600BDEA19 /* retrieveDetails.swift in Sources */,
				A9FA570B2BD7E359001EDB0D /* InputView.swift in Sources */,
				A9FA571D2BD94DA3001EDB0D /* ProgressBar.swift in Sources */,
				A9FA57152BD7E364001EDB0D /* MainView.swift in Sources */,
				A98BF1A92BF9CB8B00A415DC /* User.swift in Sources */,
				A9AB727D2BFB588500212F0B /* SettingsView.swift in Sources */,
				A9FA57142BD7E364001EDB0D /* LogInView.swift in Sources */,
				A9FA57162BD7E364001EDB0D /* SignUpView.swift in Sources */,
				A9443FC82BDF5CCE000FD9FC /* TermsOfServiceView.swift in Sources */,
				A9FA570D2BD7E359001EDB0D /* TouchIDAuthenticate.swift in Sources */,
				A9AB72812BFB589D00212F0B /* FilesView.swift in Sources */,
				A9FA57132BD7E364001EDB0D /* ContentView.swift in Sources */,
				A9AB727B2BFB4CDC00212F0B /* HomeView.swift in Sources */,
				A9FA56F72BD7E312001EDB0D /* EcryptApp.swift in Sources */,
				A9FA57212BDA5D31001EDB0D /* PasswordPermutations.swift in Sources */,
				A9FA570A2BD7E359001EDB0D /* AppState.swift in Sources */,
				A9FA57182BD7E77C001EDB0D /* ForgotPasswordView.swift in Sources */,
				A9FA570C2BD7E359001EDB0D /* PasswordAuthenticate.swift in Sources */,
			);
			runOnlyForDeploymentPostprocessing = 0;
		};
/* End PBXSourcesBuildPhase section */

/* Begin XCBuildConfiguration section */
		A9FA57002BD7E313001EDB0D /* Debug */ = {
			isa = XCBuildConfiguration;
			buildSettings = {
				ALWAYS_SEARCH_USER_PATHS = NO;
				ASSETCATALOG_COMPILER_GENERATE_SWIFT_ASSET_SYMBOL_EXTENSIONS = YES;
				CLANG_ANALYZER_NONNULL = YES;
				CLANG_ANALYZER_NUMBER_OBJECT_CONVERSION = YES_AGGRESSIVE;
				CLANG_CXX_LANGUAGE_STANDARD = "gnu++20";
				CLANG_ENABLE_MODULES = YES;
				CLANG_ENABLE_OBJC_ARC = YES;
				CLANG_ENABLE_OBJC_WEAK = YES;
				CLANG_WARN_BLOCK_CAPTURE_AUTORELEASING = YES;
				CLANG_WARN_BOOL_CONVERSION = YES;
				CLANG_WARN_COMMA = YES;
				CLANG_WARN_CONSTANT_CONVERSION = YES;
				CLANG_WARN_DEPRECATED_OBJC_IMPLEMENTATIONS = YES;
				CLANG_WARN_DIRECT_OBJC_ISA_USAGE = YES_ERROR;
				CLANG_WARN_DOCUMENTATION_COMMENTS = YES;
				CLANG_WARN_EMPTY_BODY = YES;
				CLANG_WARN_ENUM_CONVERSION = YES;
				CLANG_WARN_INFINITE_RECURSION = YES;
				CLANG_WARN_INT_CONVERSION = YES;
				CLANG_WARN_NON_LITERAL_NULL_CONVERSION = YES;
				CLANG_WARN_OBJC_IMPLICIT_RETAIN_SELF = YES;
				CLANG_WARN_OBJC_LITERAL_CONVERSION = YES;
				CLANG_WARN_OBJC_ROOT_CLASS = YES_ERROR;
				CLANG_WARN_QUOTED_INCLUDE_IN_FRAMEWORK_HEADER = YES;
				CLANG_WARN_RANGE_LOOP_ANALYSIS = YES;
				CLANG_WARN_STRICT_PROTOTYPES = YES;
				CLANG_WARN_SUSPICIOUS_MOVE = YES;
				CLANG_WARN_UNGUARDED_AVAILABILITY = YES_AGGRESSIVE;
				CLANG_WARN_UNREACHABLE_CODE = YES;
				CLANG_WARN__DUPLICATE_METHOD_MATCH = YES;
				COPY_PHASE_STRIP = NO;
				DEBUG_INFORMATION_FORMAT = dwarf;
				ENABLE_STRICT_OBJC_MSGSEND = YES;
				ENABLE_TESTABILITY = YES;
				ENABLE_USER_SCRIPT_SANDBOXING = YES;
				GCC_C_LANGUAGE_STANDARD = gnu17;
				GCC_DYNAMIC_NO_PIC = NO;
				GCC_NO_COMMON_BLOCKS = YES;
				GCC_OPTIMIZATION_LEVEL = 0;
				GCC_PREPROCESSOR_DEFINITIONS = (
					"DEBUG=1",
					"$(inherited)",
				);
				GCC_WARN_64_TO_32_BIT_CONVERSION = YES;
				GCC_WARN_ABOUT_RETURN_TYPE = YES_ERROR;
				GCC_WARN_UNDECLARED_SELECTOR = YES;
				GCC_WARN_UNINITIALIZED_AUTOS = YES_AGGRESSIVE;
				GCC_WARN_UNUSED_FUNCTION = YES;
				GCC_WARN_UNUSED_VARIABLE = YES;
				LOCALIZATION_PREFERS_STRING_CATALOGS = YES;
				MACOSX_DEPLOYMENT_TARGET = 14.4;
				MTL_ENABLE_DEBUG_INFO = INCLUDE_SOURCE;
				MTL_FAST_MATH = YES;
				ONLY_ACTIVE_ARCH = YES;
				SDKROOT = macosx;
				SWIFT_ACTIVE_COMPILATION_CONDITIONS = "DEBUG $(inherited)";
				SWIFT_OPTIMIZATION_LEVEL = "-Onone";
			};
			name = Debug;
		};
		A9FA57012BD7E313001EDB0D /* Release */ = {
			isa = XCBuildConfiguration;
			buildSettings = {
				ALWAYS_SEARCH_USER_PATHS = NO;
				ASSETCATALOG_COMPILER_GENERATE_SWIFT_ASSET_SYMBOL_EXTENSIONS = YES;
				CLANG_ANALYZER_NONNULL = YES;
				CLANG_ANALYZER_NUMBER_OBJECT_CONVERSION = YES_AGGRESSIVE;
				CLANG_CXX_LANGUAGE_STANDARD = "gnu++20";
				CLANG_ENABLE_MODULES = YES;
				CLANG_ENABLE_OBJC_ARC = YES;
				CLANG_ENABLE_OBJC_WEAK = YES;
				CLANG_WARN_BLOCK_CAPTURE_AUTORELEASING = YES;
				CLANG_WARN_BOOL_CONVERSION = YES;
				CLANG_WARN_COMMA = YES;
				CLANG_WARN_CONSTANT_CONVERSION = YES;
				CLANG_WARN_DEPRECATED_OBJC_IMPLEMENTATIONS = YES;
				CLANG_WARN_DIRECT_OBJC_ISA_USAGE = YES_ERROR;
				CLANG_WARN_DOCUMENTATION_COMMENTS = YES;
				CLANG_WARN_EMPTY_BODY = YES;
				CLANG_WARN_ENUM_CONVERSION = YES;
				CLANG_WARN_INFINITE_RECURSION = YES;
				CLANG_WARN_INT_CONVERSION = YES;
				CLANG_WARN_NON_LITERAL_NULL_CONVERSION = YES;
				CLANG_WARN_OBJC_IMPLICIT_RETAIN_SELF = YES;
				CLANG_WARN_OBJC_LITERAL_CONVERSION = YES;
				CLANG_WARN_OBJC_ROOT_CLASS = YES_ERROR;
				CLANG_WARN_QUOTED_INCLUDE_IN_FRAMEWORK_HEADER = YES;
				CLANG_WARN_RANGE_LOOP_ANALYSIS = YES;
				CLANG_WARN_STRICT_PROTOTYPES = YES;
				CLANG_WARN_SUSPICIOUS_MOVE = YES;
				CLANG_WARN_UNGUARDED_AVAILABILITY = YES_AGGRESSIVE;
				CLANG_WARN_UNREACHABLE_CODE = YES;
				CLANG_WARN__DUPLICATE_METHOD_MATCH = YES;
				COPY_PHASE_STRIP = NO;
				DEBUG_INFORMATION_FORMAT = "dwarf-with-dsym";
				ENABLE_NS_ASSERTIONS = NO;
				ENABLE_STRICT_OBJC_MSGSEND = YES;
				ENABLE_USER_SCRIPT_SANDBOXING = YES;
				GCC_C_LANGUAGE_STANDARD = gnu17;
				GCC_NO_COMMON_BLOCKS = YES;
				GCC_WARN_64_TO_32_BIT_CONVERSION = YES;
				GCC_WARN_ABOUT_RETURN_TYPE = YES_ERROR;
				GCC_WARN_UNDECLARED_SELECTOR = YES;
				GCC_WARN_UNINITIALIZED_AUTOS = YES_AGGRESSIVE;
				GCC_WARN_UNUSED_FUNCTION = YES;
				GCC_WARN_UNUSED_VARIABLE = YES;
				LOCALIZATION_PREFERS_STRING_CATALOGS = YES;
				MACOSX_DEPLOYMENT_TARGET = 14.4;
				MTL_ENABLE_DEBUG_INFO = NO;
				MTL_FAST_MATH = YES;
				SDKROOT = macosx;
				SWIFT_COMPILATION_MODE = wholemodule;
			};
			name = Release;
		};
		A9FA57032BD7E313001EDB0D /* Debug */ = {
			isa = XCBuildConfiguration;
			buildSettings = {
				ASSETCATALOG_COMPILER_APPICON_NAME = AppIcon;
				ASSETCATALOG_COMPILER_GLOBAL_ACCENT_COLOR_NAME = AccentColor;
				CODE_SIGN_ENTITLEMENTS = Ecrypt/Ecrypt.entitlements;
				CODE_SIGN_STYLE = Automatic;
				COMBINE_HIDPI_IMAGES = YES;
				CURRENT_PROJECT_VERSION = 1;
				DEVELOPMENT_ASSET_PATHS = "\"Ecrypt/Preview Content\"";
				ENABLE_PREVIEWS = YES;
				GENERATE_INFOPLIST_FILE = YES;
				INFOPLIST_KEY_NSHumanReadableCopyright = "";
				LD_RUNPATH_SEARCH_PATHS = (
					"$(inherited)",
					"@executable_path/../Frameworks",
				);
				MARKETING_VERSION = 1.0;
				PRODUCT_BUNDLE_IDENTIFIER = com.North.Ecrypt;
				PRODUCT_NAME = "$(TARGET_NAME)";
				SWIFT_EMIT_LOC_STRINGS = YES;
				SWIFT_VERSION = 5.0;
			};
			name = Debug;
		};
		A9FA57042BD7E313001EDB0D /* Release */ = {
			isa = XCBuildConfiguration;
			buildSettings = {
				ASSETCATALOG_COMPILER_APPICON_NAME = AppIcon;
				ASSETCATALOG_COMPILER_GLOBAL_ACCENT_COLOR_NAME = AccentColor;
				CODE_SIGN_ENTITLEMENTS = Ecrypt/Ecrypt.entitlements;
				CODE_SIGN_STYLE = Automatic;
				COMBINE_HIDPI_IMAGES = YES;
				CURRENT_PROJECT_VERSION = 1;
				DEVELOPMENT_ASSET_PATHS = "\"Ecrypt/Preview Content\"";
				ENABLE_PREVIEWS = YES;
				GENERATE_INFOPLIST_FILE = YES;
				INFOPLIST_KEY_NSHumanReadableCopyright = "";
				LD_RUNPATH_SEARCH_PATHS = (
					"$(inherited)",
					"@executable_path/../Frameworks",
				);
				MARKETING_VERSION = 1.0;
				PRODUCT_BUNDLE_IDENTIFIER = com.North.Ecrypt;
				PRODUCT_NAME = "$(TARGET_NAME)";
				SWIFT_EMIT_LOC_STRINGS = YES;
				SWIFT_VERSION = 5.0;
			};
			name = Release;
		};
/* End XCBuildConfiguration section */

/* Begin XCConfigurationList section */
		A9FA56EE2BD7E312001EDB0D /* Build configuration list for PBXProject "Ecrypt" */ = {
			isa = XCConfigurationList;
			buildConfigurations = (
				A9FA57002BD7E313001EDB0D /* Debug */,
				A9FA57012BD7E313001EDB0D /* Release */,
			);
			defaultConfigurationIsVisible = 0;
			defaultConfigurationName = Release;
		};
		A9FA57022BD7E313001EDB0D /* Build configuration list for PBXNativeTarget "Ecrypt" */ = {
			isa = XCConfigurationList;
			buildConfigurations = (
				A9FA57032BD7E313001EDB0D /* Debug */,
				A9FA57042BD7E313001EDB0D /* Release */,
			);
			defaultConfigurationIsVisible = 0;
			defaultConfigurationName = Release;
		};
/* End XCConfigurationList section */
	};
	rootObject = A9FA56EB2BD7E312001EDB0D /* Project object */;
}
